// !$*UTF8*$!
{
	archiveVersion = 1;
	classes = {
	};
	objectVersion = 56;
	objects = {

/* Begin PBXBuildFile section */
		AA000001 /* TimesaverApp.swift in Sources */ = {isa = PBXBuildFile; fileRef = AB000001; };
		AA000002 /* ContentView.swift in Sources */ = {isa = PBXBuildFile; fileRef = AB000002; };
		AA000003 /* WakeSession.swift in Sources */ = {isa = PBXBuildFile; fileRef = AB000003; };
		AA000004 /* Mission.swift in Sources */ = {isa = PBXBuildFile; fileRef = AB000004; };
		AA000005 /* AlarmScheduler.swift in Sources */ = {isa = PBXBuildFile; fileRef = AB000005; };
		AA000006 /* ShortcutManager.swift in Sources */ = {isa = PBXBuildFile; fileRef = AB000006; };
		AA000007 /* ScreenBrightnessManager.swift in Sources */ = {isa = PBXBuildFile; fileRef = AB000007; };
		AA000008 /* AlarmActiveView.swift in Sources */ = {isa = PBXBuildFile; fileRef = AB000008; };
		AA000009 /* MissionView.swift in Sources */ = {isa = PBXBuildFile; fileRef = AB000009; };
		AA000010 /* MathMissionView.swift in Sources */ = {isa = PBXBuildFile; fileRef = AB000010; };
		AA000011 /* ShakeMissionView.swift in Sources */ = {isa = PBXBuildFile; fileRef = AB000011; };
		AA000012 /* WakeUpSuccessView.swift in Sources */ = {isa = PBXBuildFile; fileRef = AB000012; };
		AA000020 /* Assets.xcassets in Resources */ = {isa = PBXBuildFile; fileRef = AB000020; };
		AA000021 /* Preview Assets.xcassets in Resources */ = {isa = PBXBuildFile; fileRef = AB000021; };
/* End PBXBuildFile section */

/* Begin PBXFileReference section */
		AB000001 /* TimesaverApp.swift */ = {isa = PBXFileReference; lastKnownFileType = sourcecode.swift; path = TimesaverApp.swift; sourceTree = "<group>"; };
		AB000002 /* ContentView.swift */ = {isa = PBXFileReference; lastKnownFileType = sourcecode.swift; path = ContentView.swift; sourceTree = "<group>"; };
		AB000003 /* WakeSession.swift */ = {isa = PBXFileReference; lastKnownFileType = sourcecode.swift; path = WakeSession.swift; sourceTree = "<group>"; };
		AB000004 /* Mission.swift */ = {isa = PBXFileReference; lastKnownFileType = sourcecode.swift; path = Mission.swift; sourceTree = "<group>"; };
		AB000005 /* AlarmScheduler.swift */ = {isa = PBXFileReference; lastKnownFileType = sourcecode.swift; path = AlarmScheduler.swift; sourceTree = "<group>"; };
		AB000006 /* ShortcutManager.swift */ = {isa = PBXFileReference; lastKnownFileType = sourcecode.swift; path = ShortcutManager.swift; sourceTree = "<group>"; };
		AB000007 /* ScreenBrightnessManager.swift */ = {isa = PBXFileReference; lastKnownFileType = sourcecode.swift; path = ScreenBrightnessManager.swift; sourceTree = "<group>"; };
		AB000008 /* AlarmActiveView.swift */ = {isa = PBXFileReference; lastKnownFileType = sourcecode.swift; path = AlarmActiveView.swift; sourceTree = "<group>"; };
		AB000009 /* MissionView.swift */ = {isa = PBXFileReference; lastKnownFileType = sourcecode.swift; path = MissionView.swift; sourceTree = "<group>"; };
		AB000010 /* MathMissionView.swift */ = {isa = PBXFileReference; lastKnownFileType = sourcecode.swift; path = MathMissionView.swift; sourceTree = "<group>"; };
		AB000011 /* ShakeMissionView.swift */ = {isa = PBXFileReference; lastKnownFileType = sourcecode.swift; path = ShakeMissionView.swift; sourceTree = "<group>"; };
		AB000012 /* WakeUpSuccessView.swift */ = {isa = PBXFileReference; lastKnownFileType = sourcecode.swift; path = WakeUpSuccessView.swift; sourceTree = "<group>"; };
		AB000020 /* Assets.xcassets */ = {isa = PBXFileReference; lastKnownFileType = folder.assetcatalog; path = Assets.xcassets; sourceTree = "<group>"; };
		AB000021 /* Preview Assets.xcassets */ = {isa = PBXFileReference; lastKnownFileType = folder.assetcatalog; path = "Preview Assets.xcassets"; sourceTree = "<group>"; };
		AB000022 /* Info.plist */ = {isa = PBXFileReference; lastKnownFileType = text.plist.xml; path = Info.plist; sourceTree = "<group>"; };
		AB000030 /* Timesaver.app */ = {isa = PBXFileReference; explicitFileType = wrapper.application; includeInIndex = 0; path = Timesaver.app; sourceTree = BUILT_PRODUCTS_DIR; };
/* End PBXFileReference section */

/* Begin PBXFrameworksBuildPhase section */
		AC000001 /* Frameworks */ = {
			isa = PBXFrameworksBuildPhase;
			buildActionMask = 2147483647;
			files = (
			);
			runOnlyForDeploymentPostprocessing = 0;
		};
/* End PBXFrameworksBuildPhase section */

/* Begin PBXGroup section */
		AD000001 = {
			isa = PBXGroup;
			children = (
				AD000002 /* Timesaver */,
				AD000008 /* Products */,
			);
			sourceTree = "<group>";
		};
		AD000002 /* Timesaver */ = {
			isa = PBXGroup;
			children = (
				AB000001 /* TimesaverApp.swift */,
				AD000003 /* Models */,
				AD000004 /* Views */,
				AD000006 /* Services */,
				AB000020 /* Assets.xcassets */,
				AB000022 /* Info.plist */,
				AD000007 /* Preview Content */,
			);
			path = Timesaver;
			sourceTree = "<group>";
		};
		AD000003 /* Models */ = {
			isa = PBXGroup;
			children = (
				AB000003 /* WakeSession.swift */,
				AB000004 /* Mission.swift */,
			);
			path = Models;
			sourceTree = "<group>";
		};
		AD000004 /* Views */ = {
			isa = PBXGroup;
			children = (
				AB000002 /* ContentView.swift */,
				AB000008 /* AlarmActiveView.swift */,
				AB000009 /* MissionView.swift */,
				AB000010 /* MathMissionView.swift */,
				AB000011 /* ShakeMissionView.swift */,
				AB000012 /* WakeUpSuccessView.swift */,
			);
			path = Views;
			sourceTree = "<group>";
		};
		AD000006 /* Services */ = {
			isa = PBXGroup;
			children = (
				AB000005 /* AlarmScheduler.swift */,
				AB000006 /* ShortcutManager.swift */,
				AB000007 /* ScreenBrightnessManager.swift */,
			);
			path = Services;
			sourceTree = "<group>";
		};
		AD000007 /* Preview Content */ = {
			isa = PBXGroup;
			children = (
				AB000021 /* Preview Assets.xcassets */,
			);
			path = "Preview Content";
			sourceTree = "<group>";
		};
		AD000008 /* Products */ = {
			isa = PBXGroup;
			children = (
				AB000030 /* Timesaver.app */,
			);
			name = Products;
			sourceTree = "<group>";
		};
/* End PBXGroup section */

/* Begin PBXNativeTarget section */
		AE000001 /* Timesaver */ = {
			isa = PBXNativeTarget;
			buildConfigurationList = AF000003 /* Build configuration list for PBXNativeTarget "Timesaver" */;
			buildPhases = (
				AE000002 /* Sources */,
				AC000001 /* Frameworks */,
				AE000003 /* Resources */,
			);
			buildRules = (
			);
			dependencies = (
			);
			name = Timesaver;
			productName = Timesaver;
			productReference = AB000030 /* Timesaver.app */;
			productType = "com.apple.product-type.application";
		};
/* End PBXNativeTarget section */

/* Begin PBXProject section */
		AE000010 /* Project object */ = {
			isa = PBXProject;
			attributes = {
				BuildIndependentTargetsInParallel = 1;
				LastSwiftUpdateCheck = 1500;
				LastUpgradeCheck = 1500;
				TargetAttributes = {
					AE000001 = {
						CreatedOnToolsVersion = 15.0;
					};
				};
			};
			buildConfigurationList = AF000001 /* Build configuration list for PBXProject "Timesaver" */;
			compatibilityVersion = "Xcode 14.0";
			developmentRegion = ja;
			hasScannedForEncodings = 0;
			knownRegions = (
				ja,
				Base,
			);
			mainGroup = AD000001;
			productRefGroup = AD000008 /* Products */;
			projectDirPath = "";
			projectRoot = "";
			targets = (
				AE000001 /* Timesaver */,
			);
		};
/* End PBXProject section */

/* Begin PBXResourcesBuildPhase section */
		AE000003 /* Resources */ = {
			isa = PBXResourcesBuildPhase;
			buildActionMask = 2147483647;
			files = (
				AA000020 /* Assets.xcassets in Resources */,
				AA000021 /* Preview Assets.xcassets in Resources */,
			);
			runOnlyForDeploymentPostprocessing = 0;
		};
/* End PBXResourcesBuildPhase section */

/* Begin PBXSourcesBuildPhase section */
		AE000002 /* Sources */ = {
			isa = PBXSourcesBuildPhase;
			buildActionMask = 2147483647;
			files = (
				AA000001 /* TimesaverApp.swift in Sources */,
				AA000002 /* ContentView.swift in Sources */,
				AA000003 /* WakeSession.swift in Sources */,
				AA000004 /* Mission.swift in Sources */,
				AA000005 /* AlarmScheduler.swift in Sources */,
				AA000006 /* ShortcutManager.swift in Sources */,
				AA000007 /* ScreenBrightnessManager.swift in Sources */,
				AA000008 /* AlarmActiveView.swift in Sources */,
				AA000009 /* MissionView.swift in Sources */,
				AA000010 /* MathMissionView.swift in Sources */,
				AA000011 /* ShakeMissionView.swift in Sources */,
				AA000012 /* WakeUpSuccessView.swift in Sources */,
			);
			runOnlyForDeploymentPostprocessing = 0;
		};
/* End PBXSourcesBuildPhase section */

/* Begin XCBuildConfiguration section */
		AF000010 /* Debug */ = {
			isa = XCBuildConfiguration;
			buildSettings = {
				ALWAYS_SEARCH_USER_PATHS = NO;
				ASSETCATALOG_COMPILER_GENERATE_SWIFT_ASSET_SYMBOL_EXTENSIONS = YES;
				CLANG_ANALYZER_NONNULL = YES;
				CLANG_CXX_LANGUAGE_STANDARD = "gnu++20";
				CLANG_ENABLE_MODULES = YES;
				CLANG_ENABLE_OBJC_ARC = YES;
				COPY_PHASE_STRIP = NO;
				DEBUG_INFORMATION_FORMAT = dwarf;
				ENABLE_STRICT_OBJC_MSGSEND = YES;
				ENABLE_TESTABILITY = YES;
				ENABLE_USER_SCRIPT_SANDBOXING = YES;
				GCC_C_LANGUAGE_STANDARD = gnu17;
				GCC_DYNAMIC_NO_PIC = NO;
				GCC_OPTIMIZATION_LEVEL = 0;
				GCC_WARN_ABOUT_RETURN_TYPE = YES_ERROR;
				GCC_WARN_UNINITIALIZED_AUTOS = YES_AGGRESSIVE;
				IPHONEOS_DEPLOYMENT_TARGET = 17.0;
				MTL_ENABLE_DEBUG_INFO = INCLUDE_SOURCE;
				ONLY_ACTIVE_ARCH = YES;
				SDKROOT = iphoneos;
				SWIFT_ACTIVE_COMPILATION_CONDITIONS = "DEBUG $(inherited)";
				SWIFT_OPTIMIZATION_LEVEL = "-Onone";
			};
			name = Debug;
		};
		AF000011 /* Release */ = {
			isa = XCBuildConfiguration;
			buildSettings = {
				ALWAYS_SEARCH_USER_PATHS = NO;
				ASSETCATALOG_COMPILER_GENERATE_SWIFT_ASSET_SYMBOL_EXTENSIONS = YES;
				CLANG_ANALYZER_NONNULL = YES;
				CLANG_CXX_LANGUAGE_STANDARD = "gnu++20";
				CLANG_ENABLE_MODULES = YES;
				CLANG_ENABLE_OBJC_ARC = YES;
				COPY_PHASE_STRIP = NO;
				DEBUG_INFORMATION_FORMAT = "dwarf-with-dsym";
				ENABLE_NS_ASSERTIONS = NO;
				ENABLE_STRICT_OBJC_MSGSEND = YES;
				ENABLE_USER_SCRIPT_SANDBOXING = YES;
				GCC_C_LANGUAGE_STANDARD = gnu17;
				GCC_WARN_ABOUT_RETURN_TYPE = YES_ERROR;
				GCC_WARN_UNINITIALIZED_AUTOS = YES_AGGRESSIVE;
				IPHONEOS_DEPLOYMENT_TARGET = 17.0;
				SDKROOT = iphoneos;
				SWIFT_COMPILATION_MODE = wholemodule;
				VALIDATE_PRODUCT = YES;
			};
			name = Release;
		};
		AF000020 /* Debug */ = {
			isa = XCBuildConfiguration;
			buildSettings = {
				ASSETCATALOG_COMPILER_APPICON_NAME = AppIcon;
				ASSETCATALOG_COMPILER_GLOBAL_ACCENT_COLOR_NAME = AccentColor;
				CODE_SIGN_STYLE = Automatic;
				CURRENT_PROJECT_VERSION = 1;
				DEVELOPMENT_ASSET_PATHS = "\"Timesaver/Preview Content\"";
				ENABLE_PREVIEWS = YES;
				GENERATE_INFOPLIST_FILE = YES;
				INFOPLIST_FILE = Timesaver/Info.plist;
				INFOPLIST_KEY_UIApplicationSceneManifest_Generation = YES;
				INFOPLIST_KEY_UIApplicationSupportsIndirectInputEvents = YES;
				INFOPLIST_KEY_UILaunchScreen_Generation = YES;
				INFOPLIST_KEY_UISupportedInterfaceOrientations = UIInterfaceOrientationPortrait;
				LD_RUNPATH_SEARCH_PATHS = (
					"$(inherited)",
					"@executable_path/Frameworks",
				);
				MARKETING_VERSION = 1.0;
				PRODUCT_BUNDLE_IDENTIFIER = com.timesaver.app;
				PRODUCT_NAME = "$(TARGET_NAME)";
				SWIFT_EMIT_LOC_STRINGS = YES;
				SWIFT_VERSION = 5.0;
				TARGETED_DEVICE_FAMILY = 1;
			};
			name = Debug;
		};
		AF000021 /* Release */ = {
			isa = XCBuildConfiguration;
			buildSettings = {
				ASSETCATALOG_COMPILER_APPICON_NAME = AppIcon;
				ASSETCATALOG_COMPILER_GLOBAL_ACCENT_COLOR_NAME = AccentColor;
				CODE_SIGN_STYLE = Automatic;
				CURRENT_PROJECT_VERSION = 1;
				DEVELOPMENT_ASSET_PATHS = "\"Timesaver/Preview Content\"";
				ENABLE_PREVIEWS = YES;
				GENERATE_INFOPLIST_FILE = YES;
				INFOPLIST_FILE = Timesaver/Info.plist;
				INFOPLIST_KEY_UIApplicationSceneManifest_Generation = YES;
				INFOPLIST_KEY_UIApplicationSupportsIndirectInputEvents = YES;
				INFOPLIST_KEY_UILaunchScreen_Generation = YES;
				INFOPLIST_KEY_UISupportedInterfaceOrientations = UIInterfaceOrientationPortrait;
				LD_RUNPATH_SEARCH_PATHS = (
					"$(inherited)",
					"@executable_path/Frameworks",
				);
				MARKETING_VERSION = 1.0;
				PRODUCT_BUNDLE_IDENTIFIER = com.timesaver.app;
				PRODUCT_NAME = "$(TARGET_NAME)";
				SWIFT_EMIT_LOC_STRINGS = YES;
				SWIFT_VERSION = 5.0;
				TARGETED_DEVICE_FAMILY = 1;
			};
			name = Release;
		};
/* End XCBuildConfiguration section */

/* Begin XCConfigurationList section */
		AF000001 /* Build configuration list for PBXProject "Timesaver" */ = {
			isa = XCConfigurationList;
			buildConfigurations = (
				AF000010 /* Debug */,
				AF000011 /* Release */,
			);
			defaultConfigurationIsVisible = 0;
			defaultConfigurationName = Release;
		};
		AF000003 /* Build configuration list for PBXNativeTarget "Timesaver" */ = {
			isa = XCConfigurationList;
			buildConfigurations = (
				AF000020 /* Debug */,
				AF000021 /* Release */,
			);
			defaultConfigurationIsVisible = 0;
			defaultConfigurationName = Release;
		};
/* End XCConfigurationList section */
	};
	rootObject = AE000010 /* Project object */;
}
